
Microsoft Visual Studio Solution File, Format Version 12.00
# Visual Studio Version 17
VisualStudioVersion = 17.7.34031.279
MinimumVisualStudioVersion = 10.0.40219.1
Project("{9A19103F-16F7-4668-BE54-9A1E7A4F7556}") = "DemoGame", "DemoGame\DemoGame.csproj", "{C12126F9-C2FE-4138-8B31-DE5F5874E89B}"
EndProject
Project("{9A19103F-16F7-4668-BE54-9A1E7A4F7556}") = "AnnasEngine", "AnnasEngine\AnnasEngine.csproj", "{9054490E-050E-4D1B-8C8E-BA4AB6BAB5F3}"
EndProject
Project("{9A19103F-16F7-4668-BE54-9A1E7A4F7556}") = "MagicPhysX.Toolkit", "MagicPhysX.Toolkit\MagicPhysX.Toolkit.csproj", "{BFFF6A1B-B0A8-4AEB-8104-56AD6BA17A77}"
EndProject
Global
	GlobalSection(SolutionConfigurationPlatforms) = preSolution
		Debug|Any CPU = Debug|Any CPU
		Release|Any CPU = Release|Any CPU
	EndGlobalSection
	GlobalSection(ProjectConfigurationPlatforms) = postSolution
		{C12126F9-C2FE-4138-8B31-DE5F5874E89B}.Debug|Any CPU.ActiveCfg = Debug|Any CPU
		{C12126F9-C2FE-4138-8B31-DE5F5874E89B}.Debug|Any CPU.Build.0 = Debug|Any CPU
		{C12126F9-C2FE-4138-8B31-DE5F5874E89B}.Release|Any CPU.ActiveCfg = Release|Any CPU
		{C12126F9-C2FE-4138-8B31-DE5F5874E89B}.Release|Any CPU.Build.0 = Release|Any CPU
		{9054490E-050E-4D1B-8C8E-BA4AB6BAB5F3}.Debug|Any CPU.ActiveCfg = Debug|Any CPU
		{9054490E-050E-4D1B-8C8E-BA4AB6BAB5F3}.Debug|Any CPU.Build.0 = Debug|Any CPU
		{9054490E-050E-4D1B-8C8E-BA4AB6BAB5F3}.Release|Any CPU.ActiveCfg = Release|Any CPU
		{9054490E-050E-4D1B-8C8E-BA4AB6BAB5F3}.Release|Any CPU.Build.0 = Release|Any CPU
		{BFFF6A1B-B0A8-4AEB-8104-56AD6BA17A77}.Debug|Any CPU.ActiveCfg = Debug|Any CPU
		{BFFF6A1B-B0A8-4AEB-8104-56AD6BA17A77}.Debug|Any CPU.Build.0 = Debug|Any CPU
		{BFFF6A1B-B0A8-4AEB-8104-56AD6BA17A77}.Release|Any CPU.ActiveCfg = Release|Any CPU
		{BFFF6A1B-B0A8-4AEB-8104-56AD6BA17A77}.Release|Any CPU.Build.0 = Release|Any CPU
	EndGlobalSection
	GlobalSection(SolutionProperties) = preSolution
		HideSolutionNode = FALSE
	EndGlobalSection
	GlobalSection(ExtensibilityGlobals) = postSolution
		SolutionGuid = {DDE9DDFA-5F3E-400C-9261-8135E30DAF9D}
	EndGlobalSection
EndGlobal
